{
  "version": "5",
  "specifiers": {
    "jsr:@std/assert@1": "1.0.18",
    "jsr:@std/internal@^1.0.12": "1.0.12",
    "jsr:@std/path@1.0.9": "1.0.9",
    "npm:@synonymdev/pubky@0.6.0": "0.6.0",
    "npm:zod@3.23.8": "3.23.8"
  },
  "jsr": {
    "@std/assert@1.0.18": {
      "integrity": "270245e9c2c13b446286de475131dc688ca9abcd94fc5db41d43a219b34d1c78",
      "dependencies": [
        "jsr:@std/internal"
      ]
    },
    "@std/internal@1.0.12": {
      "integrity": "972a634fd5bc34b242024402972cd5143eac68d8dffaca5eaa4dba30ce17b027"
    },
    "@std/path@1.0.9": {
      "integrity": "260a49f11edd3db93dd38350bf9cd1b4d1366afa98e81b86167b4e3dd750129e"
    }
  },
  "npm": {
    "@synonymdev/pubky@0.6.0": {
      "integrity": "sha512-Ox8eI5pnE7iOQTi7TdbKhSWs/87YMa3JomREDTAVPrqIhUMr+Qah8971NcJ6gcKrNVZHsGaqYW2eJC1u2YhpMA==",
      "dependencies": [
        "fetch-cookie"
      ]
    },
    "fetch-cookie@3.2.0": {
      "integrity": "sha512-n61pQIxP25C6DRhcJxn7BDzgHP/+S56Urowb5WFxtcRMpU6drqXD90xjyAsVQYsNSNNVbaCcYY1DuHsdkZLuiA==",
      "dependencies": [
        "set-cookie-parser",
        "tough-cookie"
      ]
    },
    "set-cookie-parser@2.7.2": {
      "integrity": "sha512-oeM1lpU/UvhTxw+g3cIfxXHyJRc/uidd3yK1P242gzHds0udQBYzs3y8j4gCCW+ZJ7ad0yctld8RYO+bdurlvw=="
    },
    "tldts-core@7.0.19": {
      "integrity": "sha512-lJX2dEWx0SGH4O6p+7FPwYmJ/bu1JbcGJ8RLaG9b7liIgZ85itUVEPbMtWRVrde/0fnDPEPHW10ZsKW3kVsE9A=="
    },
    "tldts@7.0.19": {
      "integrity": "sha512-8PWx8tvC4jDB39BQw1m4x8y5MH1BcQ5xHeL2n7UVFulMPH/3Q0uiamahFJ3lXA0zO2SUyRXuVVbWSDmstlt9YA==",
      "dependencies": [
        "tldts-core"
      ],
      "bin": true
    },
    "tough-cookie@6.0.0": {
      "integrity": "sha512-kXuRi1mtaKMrsLUxz3sQYvVl37B0Ns6MzfrtV5DvJceE9bPyspOqk9xxv7XbZWcfLWbFmm997vl83qUWVJA64w==",
      "dependencies": [
        "tldts"
      ]
    },
    "zod@3.23.8": {
      "integrity": "sha512-XBx9AXhXktjUqnepgTiE5flcKIYWi/rme0Eaj+5Y0lftuGBq+jyRu/md4WnuxqgP1ubdpNCsYEYPxrzVHD8d6g=="
    }
  },
  "redirects": {
    "https://deno.land/std/assert/mod.ts": "https://deno.land/std@0.224.0/assert/mod.ts"
  },
  "remote": {
    "https://cdn.skypack.dev/-/debug@v4.3.4-o4liVvMlOnQWbLSYZMXw/dist=es2019,mode=imports/optimized/debug.js": "671100993996e39b501301a87000607916d4d2d9f8fc8e9c5200ae5ba64a1389",
    "https://cdn.skypack.dev/-/ms@v2.1.2-giBDZ1IA5lmQ3ZXaa87V/dist=es2019,mode=imports/optimized/ms.js": "fd88e2d51900437011f1ad232f3393ce97db1b87a7844b3c58dd6d65562c1276",
    "https://cdn.skypack.dev/debug@4.3.4": "7b1d010cc930f71b940ba5941da055bc181115229e29de7214bdb4425c68ea76",
    "https://deno.land/std@0.224.0/assert/_constants.ts": "a271e8ef5a573f1df8e822a6eb9d09df064ad66a4390f21b3e31f820a38e0975",
    "https://deno.land/std@0.224.0/assert/assert.ts": "09d30564c09de846855b7b071e62b5974b001bb72a4b797958fe0660e7849834",
    "https://deno.land/std@0.224.0/assert/assert_almost_equals.ts": "9e416114322012c9a21fa68e187637ce2d7df25bcbdbfd957cd639e65d3cf293",
    "https://deno.land/std@0.224.0/assert/assert_array_includes.ts": "14c5094471bc8e4a7895fc6aa5a184300d8a1879606574cb1cd715ef36a4a3c7",
    "https://deno.land/std@0.224.0/assert/assert_equals.ts": "3bbca947d85b9d374a108687b1a8ba3785a7850436b5a8930d81f34a32cb8c74",
    "https://deno.land/std@0.224.0/assert/assert_exists.ts": "43420cf7f956748ae6ed1230646567b3593cb7a36c5a5327269279c870c5ddfd",
    "https://deno.land/std@0.224.0/assert/assert_false.ts": "3e9be8e33275db00d952e9acb0cd29481a44fa0a4af6d37239ff58d79e8edeff",
    "https://deno.land/std@0.224.0/assert/assert_greater.ts": "5e57b201fd51b64ced36c828e3dfd773412c1a6120c1a5a99066c9b261974e46",
    "https://deno.land/std@0.224.0/assert/assert_greater_or_equal.ts": "9870030f997a08361b6f63400273c2fb1856f5db86c0c3852aab2a002e425c5b",
    "https://deno.land/std@0.224.0/assert/assert_instance_of.ts": "e22343c1fdcacfaea8f37784ad782683ec1cf599ae9b1b618954e9c22f376f2c",
    "https://deno.land/std@0.224.0/assert/assert_is_error.ts": "f856b3bc978a7aa6a601f3fec6603491ab6255118afa6baa84b04426dd3cc491",
    "https://deno.land/std@0.224.0/assert/assert_less.ts": "60b61e13a1982865a72726a5fa86c24fad7eb27c3c08b13883fb68882b307f68",
    "https://deno.land/std@0.224.0/assert/assert_less_or_equal.ts": "d2c84e17faba4afe085e6c9123a63395accf4f9e00150db899c46e67420e0ec3",
    "https://deno.land/std@0.224.0/assert/assert_match.ts": "ace1710dd3b2811c391946954234b5da910c5665aed817943d086d4d4871a8b7",
    "https://deno.land/std@0.224.0/assert/assert_not_equals.ts": "78d45dd46133d76ce624b2c6c09392f6110f0df9b73f911d20208a68dee2ef29",
    "https://deno.land/std@0.224.0/assert/assert_not_instance_of.ts": "3434a669b4d20cdcc5359779301a0588f941ffdc2ad68803c31eabdb4890cf7a",
    "https://deno.land/std@0.224.0/assert/assert_not_match.ts": "df30417240aa2d35b1ea44df7e541991348a063d9ee823430e0b58079a72242a",
    "https://deno.land/std@0.224.0/assert/assert_not_strict_equals.ts": "37f73880bd672709373d6dc2c5f148691119bed161f3020fff3548a0496f71b8",
    "https://deno.land/std@0.224.0/assert/assert_object_match.ts": "411450fd194fdaabc0089ae68f916b545a49d7b7e6d0026e84a54c9e7eed2693",
    "https://deno.land/std@0.224.0/assert/assert_rejects.ts": "4bee1d6d565a5b623146a14668da8f9eb1f026a4f338bbf92b37e43e0aa53c31",
    "https://deno.land/std@0.224.0/assert/assert_strict_equals.ts": "b4f45f0fd2e54d9029171876bd0b42dd9ed0efd8f853ab92a3f50127acfa54f5",
    "https://deno.land/std@0.224.0/assert/assert_string_includes.ts": "496b9ecad84deab72c8718735373feb6cdaa071eb91a98206f6f3cb4285e71b8",
    "https://deno.land/std@0.224.0/assert/assert_throws.ts": "c6508b2879d465898dab2798009299867e67c570d7d34c90a2d235e4553906eb",
    "https://deno.land/std@0.224.0/assert/assertion_error.ts": "ba8752bd27ebc51f723702fac2f54d3e94447598f54264a6653d6413738a8917",
    "https://deno.land/std@0.224.0/assert/equal.ts": "bddf07bb5fc718e10bb72d5dc2c36c1ce5a8bdd3b647069b6319e07af181ac47",
    "https://deno.land/std@0.224.0/assert/fail.ts": "0eba674ffb47dff083f02ced76d5130460bff1a9a68c6514ebe0cdea4abadb68",
    "https://deno.land/std@0.224.0/assert/mod.ts": "48b8cb8a619ea0b7958ad7ee9376500fe902284bb36f0e32c598c3dc34cbd6f3",
    "https://deno.land/std@0.224.0/assert/unimplemented.ts": "8c55a5793e9147b4f1ef68cd66496b7d5ba7a9e7ca30c6da070c1a58da723d73",
    "https://deno.land/std@0.224.0/assert/unreachable.ts": "5ae3dbf63ef988615b93eb08d395dda771c96546565f9e521ed86f6510c29e19",
    "https://deno.land/std@0.224.0/fmt/colors.ts": "508563c0659dd7198ba4bbf87e97f654af3c34eb56ba790260f252ad8012e1c5",
    "https://deno.land/std@0.224.0/internal/diff.ts": "6234a4b493ebe65dc67a18a0eb97ef683626a1166a1906232ce186ae9f65f4e6",
    "https://deno.land/std@0.224.0/internal/format.ts": "0a98ee226fd3d43450245b1844b47003419d34d210fa989900861c79820d21c2",
    "https://deno.land/std@0.224.0/internal/mod.ts": "534125398c8e7426183e12dc255bb635d94e06d0f93c60a297723abe69d3b22e",
    "https://deno.land/x/grammy@v1.38.2/bot.ts": "b0e3159726c9873787ab7a06c2bcf5b8bb90da3493486b31a50cf260534bfa9e",
    "https://deno.land/x/grammy@v1.38.2/composer.ts": "4fcfc5c5b68107c0e0f24a9b00a5f3cf8d4ed0adee964be17005d96782e09562",
    "https://deno.land/x/grammy@v1.38.2/context.ts": "93d4a302db0b9e06831d8943f488d2c8e10106df78d4e8a981e63ca377551511",
    "https://deno.land/x/grammy@v1.38.2/convenience/constants.ts": "1560129784be52f49aa0bea8716f09ed00dac367fef195be6a2c09bdfc43fb99",
    "https://deno.land/x/grammy@v1.38.2/convenience/frameworks.ts": "4eade9a8cfd004cfeb992e7503353498e7661a7150582900e24e7ae146f7f752",
    "https://deno.land/x/grammy@v1.38.2/convenience/inline_query.ts": "409d1940c7670708064efa495003bcbfdf6763a756b2e6303c464489fd3394ff",
    "https://deno.land/x/grammy@v1.38.2/convenience/input_media.ts": "7af72a5fdb1af0417e31b1327003f536ddfdf64e06ab8bc7f5da6b574de38658",
    "https://deno.land/x/grammy@v1.38.2/convenience/keyboard.ts": "dc5d3f53d0f6a15600ced9b40c85debe55a5d381436826b4cdede18c84bd6bae",
    "https://deno.land/x/grammy@v1.38.2/convenience/session.ts": "5e4b976528a0b3d7893645ac23e2e35e78671af578a3aed5efb4b621e7e9b6da",
    "https://deno.land/x/grammy@v1.38.2/convenience/webhook.ts": "e778e7e0ac5f86600f53534e2fcb799b4bd30562eb0696279181330e76d394f7",
    "https://deno.land/x/grammy@v1.38.2/core/api.ts": "60a82ad4f6e705250b4837b03020e30c895b5ab0a9a8226497521f28aae4f789",
    "https://deno.land/x/grammy@v1.38.2/core/client.ts": "f0acb24fc16a7a41727db4de0799f4153fe3b8d9571931dbbaa89da97030bcae",
    "https://deno.land/x/grammy@v1.38.2/core/error.ts": "5245f18f273da6be364f525090c24d2e9a282c180904f674f66946f2b2556247",
    "https://deno.land/x/grammy@v1.38.2/core/payload.ts": "420e17c3c2830b5576ea187cfce77578fe09f1204b25c25ea2f220ca7c86e73b",
    "https://deno.land/x/grammy@v1.38.2/filter.ts": "a509e2784a5936e6043315f1654ca9d3f082555e128730f782d3ff90a58bbfe7",
    "https://deno.land/x/grammy@v1.38.2/mod.ts": "a973e356760eed1b58bc89280e6eb41bbdf74035f6348c08d6cebf50da1dac34",
    "https://deno.land/x/grammy@v1.38.2/platform.deno.ts": "68272a7e1d9a2d74d8a45342526485dbc0531dee812f675d7f8a4e7fc8393028",
    "https://deno.land/x/grammy@v1.38.2/types.deno.ts": "6a9331bfa81f71b2334527f4611f802b2bf8aabf15e80ac2707b079a8b2fe81a",
    "https://deno.land/x/grammy@v1.38.2/types.ts": "729415590dfa188dbe924dea614dff4e976babdbabb28a307b869fc25777cdf0",
    "https://deno.land/x/grammy_types@v3.22.1/api.ts": "ae04d6628e3d25ae805bc07a19475065044fc44cde0a40877405bc3544d03a5f",
    "https://deno.land/x/grammy_types@v3.22.1/checklist.ts": "6b3138470069c4227dfff51bf7409b6b3cd25155a245f6f307d7a1dcc98d8881",
    "https://deno.land/x/grammy_types@v3.22.1/inline.ts": "9afd0340eafd22acb163f2f680d58b85719f0edc92dffa4d259fc5232e543d23",
    "https://deno.land/x/grammy_types@v3.22.1/langs.ts": "5f5fd09c58ba3ae942dd7cea2696f95587d2032c1829bba4bca81762b7ef73b6",
    "https://deno.land/x/grammy_types@v3.22.1/manage.ts": "2d96061a8f072afaa86733a866e528d9ed0f2addb0692898845c06d7953cbb68",
    "https://deno.land/x/grammy_types@v3.22.1/markup.ts": "dfe9e883cd09ee82d5f032e639ed69acdce8c42ba3f325528ab35b01d5063a1f",
    "https://deno.land/x/grammy_types@v3.22.1/message.ts": "408e4c123128b12fc9461bcee9365ebcd8a411d1b9158bcfd9495529843e1c97",
    "https://deno.land/x/grammy_types@v3.22.1/methods.ts": "fe9f0655de679ab9cf6dcd972623d396ca9b54d218c5819c446c4c7a159ee445",
    "https://deno.land/x/grammy_types@v3.22.1/mod.ts": "73efb15e1fb664c99ea32fa707a8cd3ed5ff4a1e21fba2fe1ddc78bb476ef84d",
    "https://deno.land/x/grammy_types@v3.22.1/passport.ts": "19820e7d6c279521f8bc8912d6a378239f73d4ab525453808994b5f44ef95215",
    "https://deno.land/x/grammy_types@v3.22.1/payment.ts": "2b83a59a24b7b02ae15fd57cb0ad41ba5b73fda20b725a098f79ac7268d4b351",
    "https://deno.land/x/grammy_types@v3.22.1/settings.ts": "5186837e55f53dfe16749b066237221867f7ebf6174084e69c35603acf413ed7",
    "https://deno.land/x/grammy_types@v3.22.1/story.ts": "f558c6e6054a43fa1403c2376f7c0b51e2138f4e0d13f0f6e870ffd1cd085ae2",
    "https://deno.land/x/grammy_types@v3.22.1/update.ts": "71cc0d5ec860149b71415ba03282b1d7edd0466b36e2789521a3b3a3d7796493",
    "https://deno.land/x/sqlite@v3.9.1/build/sqlite.js": "2afc7875c7b9c85d89730c4a311ab3a304e5d1bf761fbadd8c07bbdf130f5f9b",
    "https://deno.land/x/sqlite@v3.9.1/build/vfs.js": "7f7778a9fe499cd10738d6e43867340b50b67d3e39142b0065acd51a84cd2e03",
    "https://deno.land/x/sqlite@v3.9.1/mod.ts": "e09fc79d8065fe222578114b109b1fd60077bff1bb75448532077f784f4d6a83",
    "https://deno.land/x/sqlite@v3.9.1/src/constants.ts": "90f3be047ec0a89bcb5d6fc30db121685fc82cb00b1c476124ff47a4b0472aa9",
    "https://deno.land/x/sqlite@v3.9.1/src/db.ts": "03d0c860957496eadedd86e51a6e650670764630e64f56df0092e86c90752401",
    "https://deno.land/x/sqlite@v3.9.1/src/error.ts": "f7a15cb00d7c3797da1aefee3cf86d23e0ae92e73f0ba3165496c3816ab9503a",
    "https://deno.land/x/sqlite@v3.9.1/src/function.ts": "bc778cab7a6d771f690afa27264c524d22fcb96f1bb61959ade7922c15a4ab8d",
    "https://deno.land/x/sqlite@v3.9.1/src/query.ts": "d58abda928f6582d77bad685ecf551b1be8a15e8e38403e293ec38522e030cad",
    "https://deno.land/x/sqlite@v3.9.1/src/wasm.ts": "e79d0baa6e42423257fb3c7cc98091c54399254867e0f34a09b5bdef37bd9487"
  },
  "workspace": {
    "dependencies": [
      "npm:@synonymdev/pubky@0.6.0",
      "npm:zod@3.23.8"
    ]
  }
}
